
Microsoft Visual Studio Solution File, Format Version 12.00
# Visual Studio 14
VisualStudioVersion = 14.0.25420.1
MinimumVisualStudioVersion = 10.0.40219.1
Project("{8BC9CEB8-8B4A-11D0-8D11-00A0C91BC942}") = "DLL1", "DLL1\DLL1.vcxproj", "{4A6037E2-9905-4934-86F5-AAC1FA19A084}"
EndProject
Project("{8BC9CEB8-8B4A-11D0-8D11-00A0C91BC942}") = "DLLTest", "DLLTest\DLLTest.vcxproj", "{75D463BE-FAF8-46BB-A9D1-CD8236BEBEBC}"
EndProject
Project("{8BC9CEB8-8B4A-11D0-8D11-00A0C91BC942}") = "DLLHOOK1", "DLLHOOK1\DLLHOOK1.vcxproj", "{0F119B62-AA2B-4A4D-B177-52FF8282DB68}"
EndProject
Project("{8BC9CEB8-8B4A-11D0-8D11-00A0C91BC942}") = "GAME_ACT1", "GAME_ACT1\GAME_ACT1.vcxproj", "{D8652D52-9D82-4A35-8B0F-D61882FF4437}"
EndProject
Project("{2150E333-8FDC-42A3-9474-1A3956D46DE8}") = "Solution Items", "Solution Items", "{E2AEE8EA-AF6E-4DA7-A51D-9E4E094BA0E9}"
	ProjectSection(SolutionItems) = preProject
		ReadMe.txt = ReadMe.txt
	EndProjectSection
EndProject
Project("{8BC9CEB8-8B4A-11D0-8D11-00A0C91BC942}") = "Win32Test", "Win32Test\Win32Test.vcxproj", "{260A96CF-2B37-453A-8E7A-B1EF6FD4726C}"
EndProject
Project("{8BC9CEB8-8B4A-11D0-8D11-00A0C91BC942}") = "CPPTest", "CPPTest\CPPTest.vcxproj", "{4D571895-97D7-46E7-855A-58BC28371818}"
EndProject
Project("{2150E333-8FDC-42A3-9474-1A3956D46DE8}") = "MFC Copy", "MFC Copy", "{48AFB2A4-37AE-4D0E-8F1B-561B4714CF4D}"
EndProject
Project("{8BC9CEB8-8B4A-11D0-8D11-00A0C91BC942}") = "Frame1", "Frame1\Frame1.vcxproj", "{2C39A6FE-937C-427F-B313-2A4B96F60430}"
EndProject
Project("{2150E333-8FDC-42A3-9474-1A3956D46DE8}") = "Test", "Test", "{063C5B82-02A6-4965-8267-B44AA04E9D0C}"
EndProject
Project("{8BC9CEB8-8B4A-11D0-8D11-00A0C91BC942}") = "TestCpp", "TestCpp\TestCpp.vcxproj", "{6E25BB42-DBEF-4B7D-A914-0AD0A5A1847D}"
EndProject
Project("{8BC9CEB8-8B4A-11D0-8D11-00A0C91BC942}") = "Win32Lib", "Win32Lib\Win32Lib.vcxproj", "{166CD23A-8028-4A33-B889-E3BE23C5F10C}"
EndProject
Global
	GlobalSection(SolutionConfigurationPlatforms) = preSolution
		Debug|Win32 = Debug|Win32
		Debug|x64 = Debug|x64
		Release|Win32 = Release|Win32
		Release|x64 = Release|x64
	EndGlobalSection
	GlobalSection(ProjectConfigurationPlatforms) = postSolution
		{4A6037E2-9905-4934-86F5-AAC1FA19A084}.Debug|Win32.ActiveCfg = Debug|Win32
		{4A6037E2-9905-4934-86F5-AAC1FA19A084}.Debug|Win32.Build.0 = Debug|Win32
		{4A6037E2-9905-4934-86F5-AAC1FA19A084}.Debug|x64.ActiveCfg = Debug|Win32
		{4A6037E2-9905-4934-86F5-AAC1FA19A084}.Release|Win32.ActiveCfg = Release|Win32
		{4A6037E2-9905-4934-86F5-AAC1FA19A084}.Release|Win32.Build.0 = Release|Win32
		{4A6037E2-9905-4934-86F5-AAC1FA19A084}.Release|x64.ActiveCfg = Release|Win32
		{75D463BE-FAF8-46BB-A9D1-CD8236BEBEBC}.Debug|Win32.ActiveCfg = Debug|Win32
		{75D463BE-FAF8-46BB-A9D1-CD8236BEBEBC}.Debug|Win32.Build.0 = Debug|Win32
		{75D463BE-FAF8-46BB-A9D1-CD8236BEBEBC}.Debug|x64.ActiveCfg = Debug|Win32
		{75D463BE-FAF8-46BB-A9D1-CD8236BEBEBC}.Release|Win32.ActiveCfg = Release|Win32
		{75D463BE-FAF8-46BB-A9D1-CD8236BEBEBC}.Release|Win32.Build.0 = Release|Win32
		{75D463BE-FAF8-46BB-A9D1-CD8236BEBEBC}.Release|x64.ActiveCfg = Release|Win32
		{0F119B62-AA2B-4A4D-B177-52FF8282DB68}.Debug|Win32.ActiveCfg = Debug|Win32
		{0F119B62-AA2B-4A4D-B177-52FF8282DB68}.Debug|Win32.Build.0 = Debug|Win32
		{0F119B62-AA2B-4A4D-B177-52FF8282DB68}.Debug|x64.ActiveCfg = Debug|Win32
		{0F119B62-AA2B-4A4D-B177-52FF8282DB68}.Release|Win32.ActiveCfg = Release|Win32
		{0F119B62-AA2B-4A4D-B177-52FF8282DB68}.Release|Win32.Build.0 = Release|Win32
		{0F119B62-AA2B-4A4D-B177-52FF8282DB68}.Release|x64.ActiveCfg = Release|Win32
		{D8652D52-9D82-4A35-8B0F-D61882FF4437}.Debug|Win32.ActiveCfg = Debug|Win32
		{D8652D52-9D82-4A35-8B0F-D61882FF4437}.Debug|Win32.Build.0 = Debug|Win32
		{D8652D52-9D82-4A35-8B0F-D61882FF4437}.Debug|x64.ActiveCfg = Debug|Win32
		{D8652D52-9D82-4A35-8B0F-D61882FF4437}.Release|Win32.ActiveCfg = Release|Win32
		{D8652D52-9D82-4A35-8B0F-D61882FF4437}.Release|Win32.Build.0 = Release|Win32
		{D8652D52-9D82-4A35-8B0F-D61882FF4437}.Release|x64.ActiveCfg = Release|Win32
		{260A96CF-2B37-453A-8E7A-B1EF6FD4726C}.Debug|Win32.ActiveCfg = Debug|Win32
		{260A96CF-2B37-453A-8E7A-B1EF6FD4726C}.Debug|Win32.Build.0 = Debug|Win32
		{260A96CF-2B37-453A-8E7A-B1EF6FD4726C}.Debug|x64.ActiveCfg = Debug|x64
		{260A96CF-2B37-453A-8E7A-B1EF6FD4726C}.Debug|x64.Build.0 = Debug|x64
		{260A96CF-2B37-453A-8E7A-B1EF6FD4726C}.Release|Win32.ActiveCfg = Release|Win32
		{260A96CF-2B37-453A-8E7A-B1EF6FD4726C}.Release|Win32.Build.0 = Release|Win32
		{260A96CF-2B37-453A-8E7A-B1EF6FD4726C}.Release|x64.ActiveCfg = Release|x64
		{260A96CF-2B37-453A-8E7A-B1EF6FD4726C}.Release|x64.Build.0 = Release|x64
		{4D571895-97D7-46E7-855A-58BC28371818}.Debug|Win32.ActiveCfg = Debug|Win32
		{4D571895-97D7-46E7-855A-58BC28371818}.Debug|Win32.Build.0 = Debug|Win32
		{4D571895-97D7-46E7-855A-58BC28371818}.Debug|x64.ActiveCfg = Debug|x64
		{4D571895-97D7-46E7-855A-58BC28371818}.Debug|x64.Build.0 = Debug|x64
		{4D571895-97D7-46E7-855A-58BC28371818}.Release|Win32.ActiveCfg = Release|Win32
		{4D571895-97D7-46E7-855A-58BC28371818}.Release|Win32.Build.0 = Release|Win32
		{4D571895-97D7-46E7-855A-58BC28371818}.Release|x64.ActiveCfg = Release|x64
		{4D571895-97D7-46E7-855A-58BC28371818}.Release|x64.Build.0 = Release|x64
		{2C39A6FE-937C-427F-B313-2A4B96F60430}.Debug|Win32.ActiveCfg = Debug|Win32
		{2C39A6FE-937C-427F-B313-2A4B96F60430}.Debug|Win32.Build.0 = Debug|Win32
		{2C39A6FE-937C-427F-B313-2A4B96F60430}.Debug|x64.ActiveCfg = Debug|x64
		{2C39A6FE-937C-427F-B313-2A4B96F60430}.Debug|x64.Build.0 = Debug|x64
		{2C39A6FE-937C-427F-B313-2A4B96F60430}.Release|Win32.ActiveCfg = Release|Win32
		{2C39A6FE-937C-427F-B313-2A4B96F60430}.Release|Win32.Build.0 = Release|Win32
		{2C39A6FE-937C-427F-B313-2A4B96F60430}.Release|x64.ActiveCfg = Release|x64
		{2C39A6FE-937C-427F-B313-2A4B96F60430}.Release|x64.Build.0 = Release|x64
		{6E25BB42-DBEF-4B7D-A914-0AD0A5A1847D}.Debug|Win32.ActiveCfg = Debug|Win32
		{6E25BB42-DBEF-4B7D-A914-0AD0A5A1847D}.Debug|Win32.Build.0 = Debug|Win32
		{6E25BB42-DBEF-4B7D-A914-0AD0A5A1847D}.Debug|x64.ActiveCfg = Debug|x64
		{6E25BB42-DBEF-4B7D-A914-0AD0A5A1847D}.Debug|x64.Build.0 = Debug|x64
		{6E25BB42-DBEF-4B7D-A914-0AD0A5A1847D}.Release|Win32.ActiveCfg = Release|Win32
		{6E25BB42-DBEF-4B7D-A914-0AD0A5A1847D}.Release|Win32.Build.0 = Release|Win32
		{6E25BB42-DBEF-4B7D-A914-0AD0A5A1847D}.Release|x64.ActiveCfg = Release|x64
		{6E25BB42-DBEF-4B7D-A914-0AD0A5A1847D}.Release|x64.Build.0 = Release|x64
		{166CD23A-8028-4A33-B889-E3BE23C5F10C}.Debug|Win32.ActiveCfg = Debug|Win32
		{166CD23A-8028-4A33-B889-E3BE23C5F10C}.Debug|Win32.Build.0 = Debug|Win32
		{166CD23A-8028-4A33-B889-E3BE23C5F10C}.Debug|x64.ActiveCfg = Debug|x64
		{166CD23A-8028-4A33-B889-E3BE23C5F10C}.Debug|x64.Build.0 = Debug|x64
		{166CD23A-8028-4A33-B889-E3BE23C5F10C}.Release|Win32.ActiveCfg = Release|Win32
		{166CD23A-8028-4A33-B889-E3BE23C5F10C}.Release|Win32.Build.0 = Release|Win32
		{166CD23A-8028-4A33-B889-E3BE23C5F10C}.Release|x64.ActiveCfg = Release|x64
		{166CD23A-8028-4A33-B889-E3BE23C5F10C}.Release|x64.Build.0 = Release|x64
	EndGlobalSection
	GlobalSection(SolutionProperties) = preSolution
		HideSolutionNode = FALSE
	EndGlobalSection
	GlobalSection(NestedProjects) = preSolution
		{2C39A6FE-937C-427F-B313-2A4B96F60430} = {48AFB2A4-37AE-4D0E-8F1B-561B4714CF4D}
		{063C5B82-02A6-4965-8267-B44AA04E9D0C} = {48AFB2A4-37AE-4D0E-8F1B-561B4714CF4D}
		{6E25BB42-DBEF-4B7D-A914-0AD0A5A1847D} = {063C5B82-02A6-4965-8267-B44AA04E9D0C}
	EndGlobalSection
EndGlobal
